// !$*UTF8*$!
{
	archiveVersion = 1;
	classes = {
	};
	objectVersion = 56;
	objects = {

/* Begin PBXBuildFile section */
		39D562B52BD696A000111E9C /* .swiftlint.yml in Resources */ = {isa = PBXBuildFile; fileRef = 39D562B42BD696A000111E9C /* .swiftlint.yml */; };
		39E6F0E32BD68BAB00C8D4C9 /* AppDelegate.swift in Sources */ = {isa = PBXBuildFile; fileRef = 39E6F0E22BD68BAB00C8D4C9 /* AppDelegate.swift */; };
		39E6F0E52BD68BAB00C8D4C9 /* SceneDelegate.swift in Sources */ = {isa = PBXBuildFile; fileRef = 39E6F0E42BD68BAB00C8D4C9 /* SceneDelegate.swift */; };
		39E6F0E72BD68BAB00C8D4C9 /* ViewController.swift in Sources */ = {isa = PBXBuildFile; fileRef = 39E6F0E62BD68BAB00C8D4C9 /* ViewController.swift */; };
		39E6F0EC2BD68BAC00C8D4C9 /* Assets.xcassets in Resources */ = {isa = PBXBuildFile; fileRef = 39E6F0EB2BD68BAC00C8D4C9 /* Assets.xcassets */; };
		39E6F0EF2BD68BAC00C8D4C9 /* LaunchScreen.storyboard in Resources */ = {isa = PBXBuildFile; fileRef = 39E6F0ED2BD68BAC00C8D4C9 /* LaunchScreen.storyboard */; };
		39E6F0F82BD68C1200C8D4C9 /* SnapKit in Frameworks */ = {isa = PBXBuildFile; productRef = 39E6F0F72BD68C1200C8D4C9 /* SnapKit */; };
		39E6F0FB2BD68C3500C8D4C9 /* Moya in Frameworks */ = {isa = PBXBuildFile; productRef = 39E6F0FA2BD68C3500C8D4C9 /* Moya */; };
		39E6F10E2BD68FFF00C8D4C9 /* RxCocoa in Frameworks */ = {isa = PBXBuildFile; productRef = 39E6F10D2BD68FFF00C8D4C9 /* RxCocoa */; };
		39E6F1102BD68FFF00C8D4C9 /* RxSwift in Frameworks */ = {isa = PBXBuildFile; productRef = 39E6F10F2BD68FFF00C8D4C9 /* RxSwift */; };
		6C0C2C512BE9FA2A00DCAC00 /* NotoSansKR-Medium.ttf in Resources */ = {isa = PBXBuildFile; fileRef = 6C0C2C4C2BE9FA2900DCAC00 /* NotoSansKR-Medium.ttf */; };
		6C0C2C522BE9FA2A00DCAC00 /* NotoSansKR-VariableFont_wght.ttf in Resources */ = {isa = PBXBuildFile; fileRef = 6C0C2C4D2BE9FA2900DCAC00 /* NotoSansKR-VariableFont_wght.ttf */; };
		6C0C2C532BE9FA2A00DCAC00 /* NotoSansKR-Light.ttf in Resources */ = {isa = PBXBuildFile; fileRef = 6C0C2C4E2BE9FA2900DCAC00 /* NotoSansKR-Light.ttf */; };
		6C0C2C542BE9FA2A00DCAC00 /* NotoSansKR-Thin.ttf in Resources */ = {isa = PBXBuildFile; fileRef = 6C0C2C4F2BE9FA2900DCAC00 /* NotoSansKR-Thin.ttf */; };
		6C0C2C552BE9FA2A00DCAC00 /* NotoSansKR-Regular.ttf in Resources */ = {isa = PBXBuildFile; fileRef = 6C0C2C502BE9FA2900DCAC00 /* NotoSansKR-Regular.ttf */; };
		6C0C2C572BE9FA5400DCAC00 /* AppAuthViewController.swift in Sources */ = {isa = PBXBuildFile; fileRef = 6C0C2C562BE9FA5400DCAC00 /* AppAuthViewController.swift */; };
		6C0C2C5A2BE9FA7300DCAC00 /* ReactorKit in Frameworks */ = {isa = PBXBuildFile; productRef = 6C0C2C592BE9FA7300DCAC00 /* ReactorKit */; };
		6C0C2C5C2BE9FAA400DCAC00 /* AppAuthView.swift in Sources */ = {isa = PBXBuildFile; fileRef = 6C0C2C5B2BE9FAA400DCAC00 /* AppAuthView.swift */; };
		6C0C2C5E2BE9FABB00DCAC00 /* AuthReactor.swift in Sources */ = {isa = PBXBuildFile; fileRef = 6C0C2C5D2BE9FABB00DCAC00 /* AuthReactor.swift */; };
		6C0C2C602BE9FAE600DCAC00 /* Extensions.swift in Sources */ = {isa = PBXBuildFile; fileRef = 6C0C2C5F2BE9FAE600DCAC00 /* Extensions.swift */; };
		6C7D740F2BEA0A960099CD15 /* IntroduceViewController.swift in Sources */ = {isa = PBXBuildFile; fileRef = 6C7D740E2BEA0A960099CD15 /* IntroduceViewController.swift */; };
		6C7D74112BEA0AB50099CD15 /* IntroduceView.swift in Sources */ = {isa = PBXBuildFile; fileRef = 6C7D74102BEA0AB50099CD15 /* IntroduceView.swift */; };
		6C7D74132BEA0AE60099CD15 /* IntroduceReactor.swift in Sources */ = {isa = PBXBuildFile; fileRef = 6C7D74122BEA0AE60099CD15 /* IntroduceReactor.swift */; };
		6C7D74152BEA0D7D0099CD15 /* LoginViewController.swift in Sources */ = {isa = PBXBuildFile; fileRef = 6C7D74142BEA0D7D0099CD15 /* LoginViewController.swift */; };
		6C7D74172BEA0DCF0099CD15 /* LoginView.swift in Sources */ = {isa = PBXBuildFile; fileRef = 6C7D74162BEA0DCF0099CD15 /* LoginView.swift */; };
		6C7D74192BEA0DEF0099CD15 /* LoginReactor.swift in Sources */ = {isa = PBXBuildFile; fileRef = 6C7D74182BEA0DEF0099CD15 /* LoginReactor.swift */; };
		6C7D741C2BEA10120099CD15 /* RxKakaoSDK in Frameworks */ = {isa = PBXBuildFile; productRef = 6C7D741B2BEA10120099CD15 /* RxKakaoSDK */; };
		6C7D741E2BEA10120099CD15 /* RxKakaoSDKAuth in Frameworks */ = {isa = PBXBuildFile; productRef = 6C7D741D2BEA10120099CD15 /* RxKakaoSDKAuth */; };
		6C7D74202BEA10120099CD15 /* RxKakaoSDKCommon in Frameworks */ = {isa = PBXBuildFile; productRef = 6C7D741F2BEA10120099CD15 /* RxKakaoSDKCommon */; };
		6C7D74222BEA10120099CD15 /* RxKakaoSDKFriend in Frameworks */ = {isa = PBXBuildFile; productRef = 6C7D74212BEA10120099CD15 /* RxKakaoSDKFriend */; };
		6C7D74242BEA10120099CD15 /* RxKakaoSDKShare in Frameworks */ = {isa = PBXBuildFile; productRef = 6C7D74232BEA10120099CD15 /* RxKakaoSDKShare */; };
		6C7D74262BEA10120099CD15 /* RxKakaoSDKTalk in Frameworks */ = {isa = PBXBuildFile; productRef = 6C7D74252BEA10120099CD15 /* RxKakaoSDKTalk */; };
		6C7D74282BEA10120099CD15 /* RxKakaoSDKUser in Frameworks */ = {isa = PBXBuildFile; productRef = 6C7D74272BEA10120099CD15 /* RxKakaoSDKUser */; };
/* End PBXBuildFile section */

/* Begin PBXFileReference section */
		39D562B42BD696A000111E9C /* .swiftlint.yml */ = {isa = PBXFileReference; lastKnownFileType = text.yaml; path = .swiftlint.yml; sourceTree = "<group>"; };
		39E6F0DF2BD68BAB00C8D4C9 /* RunToYou.app */ = {isa = PBXFileReference; explicitFileType = wrapper.application; includeInIndex = 0; path = RunToYou.app; sourceTree = BUILT_PRODUCTS_DIR; };
		39E6F0E22BD68BAB00C8D4C9 /* AppDelegate.swift */ = {isa = PBXFileReference; lastKnownFileType = sourcecode.swift; path = AppDelegate.swift; sourceTree = "<group>"; };
		39E6F0E42BD68BAB00C8D4C9 /* SceneDelegate.swift */ = {isa = PBXFileReference; lastKnownFileType = sourcecode.swift; path = SceneDelegate.swift; sourceTree = "<group>"; };
		39E6F0E62BD68BAB00C8D4C9 /* ViewController.swift */ = {isa = PBXFileReference; lastKnownFileType = sourcecode.swift; path = ViewController.swift; sourceTree = "<group>"; };
		39E6F0EB2BD68BAC00C8D4C9 /* Assets.xcassets */ = {isa = PBXFileReference; lastKnownFileType = folder.assetcatalog; path = Assets.xcassets; sourceTree = "<group>"; };
		39E6F0EE2BD68BAC00C8D4C9 /* Base */ = {isa = PBXFileReference; lastKnownFileType = file.storyboard; name = Base; path = Base.lproj/LaunchScreen.storyboard; sourceTree = "<group>"; };
		39E6F0F02BD68BAC00C8D4C9 /* Info.plist */ = {isa = PBXFileReference; lastKnownFileType = text.plist.xml; path = Info.plist; sourceTree = "<group>"; };
		6C0C2C4C2BE9FA2900DCAC00 /* NotoSansKR-Medium.ttf */ = {isa = PBXFileReference; lastKnownFileType = file; path = "NotoSansKR-Medium.ttf"; sourceTree = "<group>"; };
		6C0C2C4D2BE9FA2900DCAC00 /* NotoSansKR-VariableFont_wght.ttf */ = {isa = PBXFileReference; lastKnownFileType = file; path = "NotoSansKR-VariableFont_wght.ttf"; sourceTree = "<group>"; };
		6C0C2C4E2BE9FA2900DCAC00 /* NotoSansKR-Light.ttf */ = {isa = PBXFileReference; lastKnownFileType = file; path = "NotoSansKR-Light.ttf"; sourceTree = "<group>"; };
		6C0C2C4F2BE9FA2900DCAC00 /* NotoSansKR-Thin.ttf */ = {isa = PBXFileReference; lastKnownFileType = file; path = "NotoSansKR-Thin.ttf"; sourceTree = "<group>"; };
		6C0C2C502BE9FA2900DCAC00 /* NotoSansKR-Regular.ttf */ = {isa = PBXFileReference; lastKnownFileType = file; path = "NotoSansKR-Regular.ttf"; sourceTree = "<group>"; };
		6C0C2C562BE9FA5400DCAC00 /* AppAuthViewController.swift */ = {isa = PBXFileReference; lastKnownFileType = sourcecode.swift; path = AppAuthViewController.swift; sourceTree = "<group>"; };
		6C0C2C5B2BE9FAA400DCAC00 /* AppAuthView.swift */ = {isa = PBXFileReference; lastKnownFileType = sourcecode.swift; path = AppAuthView.swift; sourceTree = "<group>"; };
		6C0C2C5D2BE9FABB00DCAC00 /* AuthReactor.swift */ = {isa = PBXFileReference; lastKnownFileType = sourcecode.swift; path = AuthReactor.swift; sourceTree = "<group>"; };
		6C0C2C5F2BE9FAE600DCAC00 /* Extensions.swift */ = {isa = PBXFileReference; lastKnownFileType = sourcecode.swift; path = Extensions.swift; sourceTree = "<group>"; };
		6C7D740E2BEA0A960099CD15 /* IntroduceViewController.swift */ = {isa = PBXFileReference; lastKnownFileType = sourcecode.swift; path = IntroduceViewController.swift; sourceTree = "<group>"; };
		6C7D74102BEA0AB50099CD15 /* IntroduceView.swift */ = {isa = PBXFileReference; lastKnownFileType = sourcecode.swift; path = IntroduceView.swift; sourceTree = "<group>"; };
		6C7D74122BEA0AE60099CD15 /* IntroduceReactor.swift */ = {isa = PBXFileReference; lastKnownFileType = sourcecode.swift; path = IntroduceReactor.swift; sourceTree = "<group>"; };
		6C7D74142BEA0D7D0099CD15 /* LoginViewController.swift */ = {isa = PBXFileReference; lastKnownFileType = sourcecode.swift; path = LoginViewController.swift; sourceTree = "<group>"; };
		6C7D74162BEA0DCF0099CD15 /* LoginView.swift */ = {isa = PBXFileReference; lastKnownFileType = sourcecode.swift; path = LoginView.swift; sourceTree = "<group>"; };
		6C7D74182BEA0DEF0099CD15 /* LoginReactor.swift */ = {isa = PBXFileReference; lastKnownFileType = sourcecode.swift; path = LoginReactor.swift; sourceTree = "<group>"; };
/* End PBXFileReference section */

/* Begin PBXFrameworksBuildPhase section */
		39E6F0DC2BD68BAB00C8D4C9 /* Frameworks */ = {
			isa = PBXFrameworksBuildPhase;
			buildActionMask = 2147483647;
			files = (
				6C7D74282BEA10120099CD15 /* RxKakaoSDKUser in Frameworks */,
				39E6F10E2BD68FFF00C8D4C9 /* RxCocoa in Frameworks */,
				6C7D741E2BEA10120099CD15 /* RxKakaoSDKAuth in Frameworks */,
				39E6F0FB2BD68C3500C8D4C9 /* Moya in Frameworks */,
				39E6F1102BD68FFF00C8D4C9 /* RxSwift in Frameworks */,
				6C7D74202BEA10120099CD15 /* RxKakaoSDKCommon in Frameworks */,
				6C7D74242BEA10120099CD15 /* RxKakaoSDKShare in Frameworks */,
				6C7D74262BEA10120099CD15 /* RxKakaoSDKTalk in Frameworks */,
				6C0C2C5A2BE9FA7300DCAC00 /* ReactorKit in Frameworks */,
				39E6F0F82BD68C1200C8D4C9 /* SnapKit in Frameworks */,
				6C7D74222BEA10120099CD15 /* RxKakaoSDKFriend in Frameworks */,
				6C7D741C2BEA10120099CD15 /* RxKakaoSDK in Frameworks */,
			);
			runOnlyForDeploymentPostprocessing = 0;
		};
/* End PBXFrameworksBuildPhase section */

/* Begin PBXGroup section */
		39E6F0D62BD68BAB00C8D4C9 = {
			isa = PBXGroup;
			children = (
				39E6F0E12BD68BAB00C8D4C9 /* RunToYou */,
				39E6F0E02BD68BAB00C8D4C9 /* Products */,
			);
			sourceTree = "<group>";
		};
		39E6F0E02BD68BAB00C8D4C9 /* Products */ = {
			isa = PBXGroup;
			children = (
				39E6F0DF2BD68BAB00C8D4C9 /* RunToYou.app */,
			);
			name = Products;
			sourceTree = "<group>";
		};
		39E6F0E12BD68BAB00C8D4C9 /* RunToYou */ = {
			isa = PBXGroup;
			children = (
				39E6F0E22BD68BAB00C8D4C9 /* AppDelegate.swift */,
				39E6F0E42BD68BAB00C8D4C9 /* SceneDelegate.swift */,
				39E6F0F02BD68BAC00C8D4C9 /* Info.plist */,
				39D562B42BD696A000111E9C /* .swiftlint.yml */,
				6C0C2C4A2BE9F95900DCAC00 /* View */,
				6C0C2C492BE9F95100DCAC00 /* C */,
				6C0C2C482BE9F94900DCAC00 /* VM */,
			);
			path = RunToYou;
			sourceTree = "<group>";
		};
		6C0C2C482BE9F94900DCAC00 /* VM */ = {
			isa = PBXGroup;
			children = (
				6C0C2C5D2BE9FABB00DCAC00 /* AuthReactor.swift */,
				6C7D74122BEA0AE60099CD15 /* IntroduceReactor.swift */,
				6C7D74182BEA0DEF0099CD15 /* LoginReactor.swift */,
			);
			path = VM;
			sourceTree = "<group>";
		};
		6C0C2C492BE9F95100DCAC00 /* C */ = {
			isa = PBXGroup;
			children = (
				39E6F0E62BD68BAB00C8D4C9 /* ViewController.swift */,
				6C0C2C562BE9FA5400DCAC00 /* AppAuthViewController.swift */,
				6C7D740E2BEA0A960099CD15 /* IntroduceViewController.swift */,
				6C7D74142BEA0D7D0099CD15 /* LoginViewController.swift */,
			);
			path = C;
			sourceTree = "<group>";
		};
		6C0C2C4A2BE9F95900DCAC00 /* View */ = {
			isa = PBXGroup;
			children = (
				39E6F0ED2BD68BAC00C8D4C9 /* LaunchScreen.storyboard */,
				39E6F0EB2BD68BAC00C8D4C9 /* Assets.xcassets */,
				6C0C2C4B2BE9FA0700DCAC00 /* Fonts */,
				6C0C2C5B2BE9FAA400DCAC00 /* AppAuthView.swift */,
				6C0C2C5F2BE9FAE600DCAC00 /* Extensions.swift */,
				6C7D74102BEA0AB50099CD15 /* IntroduceView.swift */,
				6C7D74162BEA0DCF0099CD15 /* LoginView.swift */,
			);
			path = View;
			sourceTree = "<group>";
		};
		6C0C2C4B2BE9FA0700DCAC00 /* Fonts */ = {
			isa = PBXGroup;
			children = (
				6C0C2C4E2BE9FA2900DCAC00 /* NotoSansKR-Light.ttf */,
				6C0C2C4C2BE9FA2900DCAC00 /* NotoSansKR-Medium.ttf */,
				6C0C2C502BE9FA2900DCAC00 /* NotoSansKR-Regular.ttf */,
				6C0C2C4F2BE9FA2900DCAC00 /* NotoSansKR-Thin.ttf */,
				6C0C2C4D2BE9FA2900DCAC00 /* NotoSansKR-VariableFont_wght.ttf */,
			);
			path = Fonts;
			sourceTree = "<group>";
		};
/* End PBXGroup section */

/* Begin PBXNativeTarget section */
		39E6F0DE2BD68BAB00C8D4C9 /* RunToYou */ = {
			isa = PBXNativeTarget;
			buildConfigurationList = 39E6F0F32BD68BAC00C8D4C9 /* Build configuration list for PBXNativeTarget "RunToYou" */;
			buildPhases = (
				39E6F0DB2BD68BAB00C8D4C9 /* Sources */,
				39E6F0DC2BD68BAB00C8D4C9 /* Frameworks */,
				39E6F0DD2BD68BAB00C8D4C9 /* Resources */,
				39E6F10B2BD68F4100C8D4C9 /* SwiftLint Script */,
			);
			buildRules = (
			);
			dependencies = (
			);
			name = RunToYou;
			packageProductDependencies = (
				39E6F0F72BD68C1200C8D4C9 /* SnapKit */,
				39E6F0FA2BD68C3500C8D4C9 /* Moya */,
				39E6F10D2BD68FFF00C8D4C9 /* RxCocoa */,
				39E6F10F2BD68FFF00C8D4C9 /* RxSwift */,
				6C0C2C592BE9FA7300DCAC00 /* ReactorKit */,
				6C7D741B2BEA10120099CD15 /* RxKakaoSDK */,
				6C7D741D2BEA10120099CD15 /* RxKakaoSDKAuth */,
				6C7D741F2BEA10120099CD15 /* RxKakaoSDKCommon */,
				6C7D74212BEA10120099CD15 /* RxKakaoSDKFriend */,
				6C7D74232BEA10120099CD15 /* RxKakaoSDKShare */,
				6C7D74252BEA10120099CD15 /* RxKakaoSDKTalk */,
				6C7D74272BEA10120099CD15 /* RxKakaoSDKUser */,
			);
			productName = RunToYou;
			productReference = 39E6F0DF2BD68BAB00C8D4C9 /* RunToYou.app */;
			productType = "com.apple.product-type.application";
		};
/* End PBXNativeTarget section */

/* Begin PBXProject section */
		39E6F0D72BD68BAB00C8D4C9 /* Project object */ = {
			isa = PBXProject;
			attributes = {
				BuildIndependentTargetsInParallel = 1;
				LastSwiftUpdateCheck = 1510;
				LastUpgradeCheck = 1510;
				TargetAttributes = {
					39E6F0DE2BD68BAB00C8D4C9 = {
						CreatedOnToolsVersion = 15.1;
					};
				};
			};
			buildConfigurationList = 39E6F0DA2BD68BAB00C8D4C9 /* Build configuration list for PBXProject "RunToYou" */;
			compatibilityVersion = "Xcode 14.0";
			developmentRegion = en;
			hasScannedForEncodings = 0;
			knownRegions = (
				en,
				Base,
			);
			mainGroup = 39E6F0D62BD68BAB00C8D4C9;
			packageReferences = (
				39E6F0F62BD68C1100C8D4C9 /* XCRemoteSwiftPackageReference "SnapKit" */,
				39E6F0F92BD68C3500C8D4C9 /* XCRemoteSwiftPackageReference "Moya" */,
				39E6F10C2BD68FFF00C8D4C9 /* XCRemoteSwiftPackageReference "RxSwift" */,
				6C0C2C582BE9FA7300DCAC00 /* XCRemoteSwiftPackageReference "ReactorKit" */,
				6C7D741A2BEA10120099CD15 /* XCRemoteSwiftPackageReference "kakao-ios-sdk-rx" */,
			);
			productRefGroup = 39E6F0E02BD68BAB00C8D4C9 /* Products */;
			projectDirPath = "";
			projectRoot = "";
			targets = (
				39E6F0DE2BD68BAB00C8D4C9 /* RunToYou */,
			);
		};
/* End PBXProject section */

/* Begin PBXResourcesBuildPhase section */
		39E6F0DD2BD68BAB00C8D4C9 /* Resources */ = {
			isa = PBXResourcesBuildPhase;
			buildActionMask = 2147483647;
			files = (
				39D562B52BD696A000111E9C /* .swiftlint.yml in Resources */,
				6C0C2C532BE9FA2A00DCAC00 /* NotoSansKR-Light.ttf in Resources */,
				6C0C2C512BE9FA2A00DCAC00 /* NotoSansKR-Medium.ttf in Resources */,
				6C0C2C552BE9FA2A00DCAC00 /* NotoSansKR-Regular.ttf in Resources */,
				6C0C2C522BE9FA2A00DCAC00 /* NotoSansKR-VariableFont_wght.ttf in Resources */,
				39E6F0EF2BD68BAC00C8D4C9 /* LaunchScreen.storyboard in Resources */,
				6C0C2C542BE9FA2A00DCAC00 /* NotoSansKR-Thin.ttf in Resources */,
				39E6F0EC2BD68BAC00C8D4C9 /* Assets.xcassets in Resources */,
			);
			runOnlyForDeploymentPostprocessing = 0;
		};
/* End PBXResourcesBuildPhase section */

/* Begin PBXShellScriptBuildPhase section */
		39E6F10B2BD68F4100C8D4C9 /* SwiftLint Script */ = {
			isa = PBXShellScriptBuildPhase;
			alwaysOutOfDate = 1;
			buildActionMask = 2147483647;
			files = (
			);
			inputFileListPaths = (
			);
			inputPaths = (
			);
			name = "SwiftLint Script";
			outputFileListPaths = (
			);
			outputPaths = (
			);
			runOnlyForDeploymentPostprocessing = 0;
			shellPath = /bin/sh;
			shellScript = "if [[ \"$(uname -m)\" == arm64 ]]; then\n    export PATH=\"/opt/homebrew/bin:$PATH\"\nfi\n\nif which swiftlint > /dev/null; then\n  swiftlint\nelse\n  echo \"warning: SwiftLint not installed, download from https://github.com/realm/SwiftLint\"\nfi\n";
		};
/* End PBXShellScriptBuildPhase section */

/* Begin PBXSourcesBuildPhase section */
		39E6F0DB2BD68BAB00C8D4C9 /* Sources */ = {
			isa = PBXSourcesBuildPhase;
			buildActionMask = 2147483647;
			files = (
				6C7D74112BEA0AB50099CD15 /* IntroduceView.swift in Sources */,
				6C0C2C5C2BE9FAA400DCAC00 /* AppAuthView.swift in Sources */,
				6C7D74132BEA0AE60099CD15 /* IntroduceReactor.swift in Sources */,
				6C0C2C572BE9FA5400DCAC00 /* AppAuthViewController.swift in Sources */,
				6C0C2C5E2BE9FABB00DCAC00 /* AuthReactor.swift in Sources */,
				6C7D74192BEA0DEF0099CD15 /* LoginReactor.swift in Sources */,
				39E6F0E72BD68BAB00C8D4C9 /* ViewController.swift in Sources */,
				6C7D74172BEA0DCF0099CD15 /* LoginView.swift in Sources */,
				6C7D740F2BEA0A960099CD15 /* IntroduceViewController.swift in Sources */,
				39E6F0E32BD68BAB00C8D4C9 /* AppDelegate.swift in Sources */,
				39E6F0E52BD68BAB00C8D4C9 /* SceneDelegate.swift in Sources */,
				6C0C2C602BE9FAE600DCAC00 /* Extensions.swift in Sources */,
				6C7D74152BEA0D7D0099CD15 /* LoginViewController.swift in Sources */,
			);
			runOnlyForDeploymentPostprocessing = 0;
		};
/* End PBXSourcesBuildPhase section */

/* Begin PBXVariantGroup section */
		39E6F0ED2BD68BAC00C8D4C9 /* LaunchScreen.storyboard */ = {
			isa = PBXVariantGroup;
			children = (
				39E6F0EE2BD68BAC00C8D4C9 /* Base */,
			);
			name = LaunchScreen.storyboard;
			sourceTree = "<group>";
		};
/* End PBXVariantGroup section */

/* Begin XCBuildConfiguration section */
		39E6F0F12BD68BAC00C8D4C9 /* Debug */ = {
			isa = XCBuildConfiguration;
			buildSettings = {
				ALWAYS_SEARCH_USER_PATHS = NO;
				ASSETCATALOG_COMPILER_GENERATE_SWIFT_ASSET_SYMBOL_EXTENSIONS = YES;
				CLANG_ANALYZER_NONNULL = YES;
				CLANG_ANALYZER_NUMBER_OBJECT_CONVERSION = YES_AGGRESSIVE;
				CLANG_CXX_LANGUAGE_STANDARD = "gnu++20";
				CLANG_ENABLE_MODULES = YES;
				CLANG_ENABLE_OBJC_ARC = YES;
				CLANG_ENABLE_OBJC_WEAK = YES;
				CLANG_WARN_BLOCK_CAPTURE_AUTORELEASING = YES;
				CLANG_WARN_BOOL_CONVERSION = YES;
				CLANG_WARN_COMMA = YES;
				CLANG_WARN_CONSTANT_CONVERSION = YES;
				CLANG_WARN_DEPRECATED_OBJC_IMPLEMENTATIONS = YES;
				CLANG_WARN_DIRECT_OBJC_ISA_USAGE = YES_ERROR;
				CLANG_WARN_DOCUMENTATION_COMMENTS = YES;
				CLANG_WARN_EMPTY_BODY = YES;
				CLANG_WARN_ENUM_CONVERSION = YES;
				CLANG_WARN_INFINITE_RECURSION = YES;
				CLANG_WARN_INT_CONVERSION = YES;
				CLANG_WARN_NON_LITERAL_NULL_CONVERSION = YES;
				CLANG_WARN_OBJC_IMPLICIT_RETAIN_SELF = YES;
				CLANG_WARN_OBJC_LITERAL_CONVERSION = YES;
				CLANG_WARN_OBJC_ROOT_CLASS = YES_ERROR;
				CLANG_WARN_QUOTED_INCLUDE_IN_FRAMEWORK_HEADER = YES;
				CLANG_WARN_RANGE_LOOP_ANALYSIS = YES;
				CLANG_WARN_STRICT_PROTOTYPES = YES;
				CLANG_WARN_SUSPICIOUS_MOVE = YES;
				CLANG_WARN_UNGUARDED_AVAILABILITY = YES_AGGRESSIVE;
				CLANG_WARN_UNREACHABLE_CODE = YES;
				CLANG_WARN__DUPLICATE_METHOD_MATCH = YES;
				COPY_PHASE_STRIP = NO;
				DEBUG_INFORMATION_FORMAT = dwarf;
				ENABLE_STRICT_OBJC_MSGSEND = YES;
				ENABLE_TESTABILITY = YES;
				ENABLE_USER_SCRIPT_SANDBOXING = YES;
				GCC_C_LANGUAGE_STANDARD = gnu17;
				GCC_DYNAMIC_NO_PIC = NO;
				GCC_NO_COMMON_BLOCKS = YES;
				GCC_OPTIMIZATION_LEVEL = 0;
				GCC_PREPROCESSOR_DEFINITIONS = (
					"DEBUG=1",
					"$(inherited)",
				);
				GCC_WARN_64_TO_32_BIT_CONVERSION = YES;
				GCC_WARN_ABOUT_RETURN_TYPE = YES_ERROR;
				GCC_WARN_UNDECLARED_SELECTOR = YES;
				GCC_WARN_UNINITIALIZED_AUTOS = YES_AGGRESSIVE;
				GCC_WARN_UNUSED_FUNCTION = YES;
				GCC_WARN_UNUSED_VARIABLE = YES;
				IPHONEOS_DEPLOYMENT_TARGET = 17.2;
				LOCALIZATION_PREFERS_STRING_CATALOGS = YES;
				MTL_ENABLE_DEBUG_INFO = INCLUDE_SOURCE;
				MTL_FAST_MATH = YES;
				ONLY_ACTIVE_ARCH = YES;
				SDKROOT = iphoneos;
				SWIFT_ACTIVE_COMPILATION_CONDITIONS = "DEBUG $(inherited)";
				SWIFT_OPTIMIZATION_LEVEL = "-Onone";
			};
			name = Debug;
		};
		39E6F0F22BD68BAC00C8D4C9 /* Release */ = {
			isa = XCBuildConfiguration;
			buildSettings = {
				ALWAYS_SEARCH_USER_PATHS = NO;
				ASSETCATALOG_COMPILER_GENERATE_SWIFT_ASSET_SYMBOL_EXTENSIONS = YES;
				CLANG_ANALYZER_NONNULL = YES;
				CLANG_ANALYZER_NUMBER_OBJECT_CONVERSION = YES_AGGRESSIVE;
				CLANG_CXX_LANGUAGE_STANDARD = "gnu++20";
				CLANG_ENABLE_MODULES = YES;
				CLANG_ENABLE_OBJC_ARC = YES;
				CLANG_ENABLE_OBJC_WEAK = YES;
				CLANG_WARN_BLOCK_CAPTURE_AUTORELEASING = YES;
				CLANG_WARN_BOOL_CONVERSION = YES;
				CLANG_WARN_COMMA = YES;
				CLANG_WARN_CONSTANT_CONVERSION = YES;
				CLANG_WARN_DEPRECATED_OBJC_IMPLEMENTATIONS = YES;
				CLANG_WARN_DIRECT_OBJC_ISA_USAGE = YES_ERROR;
				CLANG_WARN_DOCUMENTATION_COMMENTS = YES;
				CLANG_WARN_EMPTY_BODY = YES;
				CLANG_WARN_ENUM_CONVERSION = YES;
				CLANG_WARN_INFINITE_RECURSION = YES;
				CLANG_WARN_INT_CONVERSION = YES;
				CLANG_WARN_NON_LITERAL_NULL_CONVERSION = YES;
				CLANG_WARN_OBJC_IMPLICIT_RETAIN_SELF = YES;
				CLANG_WARN_OBJC_LITERAL_CONVERSION = YES;
				CLANG_WARN_OBJC_ROOT_CLASS = YES_ERROR;
				CLANG_WARN_QUOTED_INCLUDE_IN_FRAMEWORK_HEADER = YES;
				CLANG_WARN_RANGE_LOOP_ANALYSIS = YES;
				CLANG_WARN_STRICT_PROTOTYPES = YES;
				CLANG_WARN_SUSPICIOUS_MOVE = YES;
				CLANG_WARN_UNGUARDED_AVAILABILITY = YES_AGGRESSIVE;
				CLANG_WARN_UNREACHABLE_CODE = YES;
				CLANG_WARN__DUPLICATE_METHOD_MATCH = YES;
				COPY_PHASE_STRIP = NO;
				DEBUG_INFORMATION_FORMAT = "dwarf-with-dsym";
				ENABLE_NS_ASSERTIONS = NO;
				ENABLE_STRICT_OBJC_MSGSEND = YES;
				ENABLE_USER_SCRIPT_SANDBOXING = YES;
				GCC_C_LANGUAGE_STANDARD = gnu17;
				GCC_NO_COMMON_BLOCKS = YES;
				GCC_WARN_64_TO_32_BIT_CONVERSION = YES;
				GCC_WARN_ABOUT_RETURN_TYPE = YES_ERROR;
				GCC_WARN_UNDECLARED_SELECTOR = YES;
				GCC_WARN_UNINITIALIZED_AUTOS = YES_AGGRESSIVE;
				GCC_WARN_UNUSED_FUNCTION = YES;
				GCC_WARN_UNUSED_VARIABLE = YES;
				IPHONEOS_DEPLOYMENT_TARGET = 17.2;
				LOCALIZATION_PREFERS_STRING_CATALOGS = YES;
				MTL_ENABLE_DEBUG_INFO = NO;
				MTL_FAST_MATH = YES;
				SDKROOT = iphoneos;
				SWIFT_COMPILATION_MODE = wholemodule;
				VALIDATE_PRODUCT = YES;
			};
			name = Release;
		};
		39E6F0F42BD68BAC00C8D4C9 /* Debug */ = {
			isa = XCBuildConfiguration;
			buildSettings = {
				ASSETCATALOG_COMPILER_APPICON_NAME = AppIcon;
				ASSETCATALOG_COMPILER_GLOBAL_ACCENT_COLOR_NAME = AccentColor;
				CODE_SIGN_STYLE = Automatic;
				CURRENT_PROJECT_VERSION = 1;
				DEVELOPMENT_TEAM = WR274B83CM;
				ENABLE_USER_SCRIPT_SANDBOXING = NO;
				GENERATE_INFOPLIST_FILE = YES;
				INFOPLIST_FILE = RunToYou/Info.plist;
				INFOPLIST_KEY_UIApplicationSupportsIndirectInputEvents = YES;
				INFOPLIST_KEY_UILaunchStoryboardName = LaunchScreen;
				INFOPLIST_KEY_UISupportedInterfaceOrientations_iPad = "UIInterfaceOrientationPortrait UIInterfaceOrientationPortraitUpsideDown UIInterfaceOrientationLandscapeLeft UIInterfaceOrientationLandscapeRight";
				INFOPLIST_KEY_UISupportedInterfaceOrientations_iPhone = "UIInterfaceOrientationPortrait UIInterfaceOrientationLandscapeLeft UIInterfaceOrientationLandscapeRight";
				LD_RUNPATH_SEARCH_PATHS = (
					"$(inherited)",
					"@executable_path/Frameworks",
				);
				MARKETING_VERSION = 1.0;
				PRODUCT_BUNDLE_IDENTIFIER = com.RM.RunToYou;
				PRODUCT_NAME = "$(TARGET_NAME)";
				SWIFT_EMIT_LOC_STRINGS = YES;
				SWIFT_VERSION = 5.0;
				TARGETED_DEVICE_FAMILY = "1,2";
			};
			name = Debug;
		};
		39E6F0F52BD68BAC00C8D4C9 /* Release */ = {
			isa = XCBuildConfiguration;
			buildSettings = {
				ASSETCATALOG_COMPILER_APPICON_NAME = AppIcon;
				ASSETCATALOG_COMPILER_GLOBAL_ACCENT_COLOR_NAME = AccentColor;
				CODE_SIGN_STYLE = Automatic;
				CURRENT_PROJECT_VERSION = 1;
				DEVELOPMENT_TEAM = WR274B83CM;
				ENABLE_USER_SCRIPT_SANDBOXING = NO;
				GENERATE_INFOPLIST_FILE = YES;
				INFOPLIST_FILE = RunToYou/Info.plist;
				INFOPLIST_KEY_UIApplicationSupportsIndirectInputEvents = YES;
				INFOPLIST_KEY_UILaunchStoryboardName = LaunchScreen;
				INFOPLIST_KEY_UISupportedInterfaceOrientations_iPad = "UIInterfaceOrientationPortrait UIInterfaceOrientationPortraitUpsideDown UIInterfaceOrientationLandscapeLeft UIInterfaceOrientationLandscapeRight";
				INFOPLIST_KEY_UISupportedInterfaceOrientations_iPhone = "UIInterfaceOrientationPortrait UIInterfaceOrientationLandscapeLeft UIInterfaceOrientationLandscapeRight";
				LD_RUNPATH_SEARCH_PATHS = (
					"$(inherited)",
					"@executable_path/Frameworks",
				);
				MARKETING_VERSION = 1.0;
				PRODUCT_BUNDLE_IDENTIFIER = com.RM.RunToYou;
				PRODUCT_NAME = "$(TARGET_NAME)";
				SWIFT_EMIT_LOC_STRINGS = YES;
				SWIFT_VERSION = 5.0;
				TARGETED_DEVICE_FAMILY = "1,2";
			};
			name = Release;
		};
/* End XCBuildConfiguration section */

/* Begin XCConfigurationList section */
		39E6F0DA2BD68BAB00C8D4C9 /* Build configuration list for PBXProject "RunToYou" */ = {
			isa = XCConfigurationList;
			buildConfigurations = (
				39E6F0F12BD68BAC00C8D4C9 /* Debug */,
				39E6F0F22BD68BAC00C8D4C9 /* Release */,
			);
			defaultConfigurationIsVisible = 0;
			defaultConfigurationName = Release;
		};
		39E6F0F32BD68BAC00C8D4C9 /* Build configuration list for PBXNativeTarget "RunToYou" */ = {
			isa = XCConfigurationList;
			buildConfigurations = (
				39E6F0F42BD68BAC00C8D4C9 /* Debug */,
				39E6F0F52BD68BAC00C8D4C9 /* Release */,
			);
			defaultConfigurationIsVisible = 0;
			defaultConfigurationName = Release;
		};
/* End XCConfigurationList section */

/* Begin XCRemoteSwiftPackageReference section */
		39E6F0F62BD68C1100C8D4C9 /* XCRemoteSwiftPackageReference "SnapKit" */ = {
			isa = XCRemoteSwiftPackageReference;
			repositoryURL = "https://github.com/SnapKit/SnapKit.git";
			requirement = {
				kind = upToNextMajorVersion;
				minimumVersion = 5.7.1;
			};
		};
		39E6F0F92BD68C3500C8D4C9 /* XCRemoteSwiftPackageReference "Moya" */ = {
			isa = XCRemoteSwiftPackageReference;
			repositoryURL = "https://github.com/Moya/Moya.git";
			requirement = {
				kind = upToNextMajorVersion;
				minimumVersion = 15.0.3;
			};
		};
		39E6F10C2BD68FFF00C8D4C9 /* XCRemoteSwiftPackageReference "RxSwift" */ = {
			isa = XCRemoteSwiftPackageReference;
			repositoryURL = "https://github.com/ReactiveX/RxSwift.git";
			requirement = {
				kind = upToNextMajorVersion;
				minimumVersion = 6.7.0;
			};
		};
		6C0C2C582BE9FA7300DCAC00 /* XCRemoteSwiftPackageReference "ReactorKit" */ = {
			isa = XCRemoteSwiftPackageReference;
			repositoryURL = "https://github.com/ReactorKit/ReactorKit.git";
			requirement = {
				kind = upToNextMajorVersion;
				minimumVersion = 3.2.0;
			};
		};
		6C7D741A2BEA10120099CD15 /* XCRemoteSwiftPackageReference "kakao-ios-sdk-rx" */ = {
			isa = XCRemoteSwiftPackageReference;
			repositoryURL = "https://github.com/kakao/kakao-ios-sdk-rx";
			requirement = {
				kind = upToNextMajorVersion;
				minimumVersion = 2.22.1;
			};
		};
/* End XCRemoteSwiftPackageReference section */

/* Begin XCSwiftPackageProductDependency section */
		39E6F0F72BD68C1200C8D4C9 /* SnapKit */ = {
			isa = XCSwiftPackageProductDependency;
			package = 39E6F0F62BD68C1100C8D4C9 /* XCRemoteSwiftPackageReference "SnapKit" */;
			productName = SnapKit;
		};
		39E6F0FA2BD68C3500C8D4C9 /* Moya */ = {
			isa = XCSwiftPackageProductDependency;
			package = 39E6F0F92BD68C3500C8D4C9 /* XCRemoteSwiftPackageReference "Moya" */;
			productName = Moya;
		};
		39E6F10D2BD68FFF00C8D4C9 /* RxCocoa */ = {
			isa = XCSwiftPackageProductDependency;
			package = 39E6F10C2BD68FFF00C8D4C9 /* XCRemoteSwiftPackageReference "RxSwift" */;
			productName = RxCocoa;
		};
		39E6F10F2BD68FFF00C8D4C9 /* RxSwift */ = {
			isa = XCSwiftPackageProductDependency;
			package = 39E6F10C2BD68FFF00C8D4C9 /* XCRemoteSwiftPackageReference "RxSwift" */;
			productName = RxSwift;
		};
		6C0C2C592BE9FA7300DCAC00 /* ReactorKit */ = {
			isa = XCSwiftPackageProductDependency;
			package = 6C0C2C582BE9FA7300DCAC00 /* XCRemoteSwiftPackageReference "ReactorKit" */;
			productName = ReactorKit;
		};
		6C7D741B2BEA10120099CD15 /* RxKakaoSDK */ = {
			isa = XCSwiftPackageProductDependency;
			package = 6C7D741A2BEA10120099CD15 /* XCRemoteSwiftPackageReference "kakao-ios-sdk-rx" */;
			productName = RxKakaoSDK;
		};
		6C7D741D2BEA10120099CD15 /* RxKakaoSDKAuth */ = {
			isa = XCSwiftPackageProductDependency;
			package = 6C7D741A2BEA10120099CD15 /* XCRemoteSwiftPackageReference "kakao-ios-sdk-rx" */;
			productName = RxKakaoSDKAuth;
		};
		6C7D741F2BEA10120099CD15 /* RxKakaoSDKCommon */ = {
			isa = XCSwiftPackageProductDependency;
			package = 6C7D741A2BEA10120099CD15 /* XCRemoteSwiftPackageReference "kakao-ios-sdk-rx" */;
			productName = RxKakaoSDKCommon;
		};
		6C7D74212BEA10120099CD15 /* RxKakaoSDKFriend */ = {
			isa = XCSwiftPackageProductDependency;
			package = 6C7D741A2BEA10120099CD15 /* XCRemoteSwiftPackageReference "kakao-ios-sdk-rx" */;
			productName = RxKakaoSDKFriend;
		};
		6C7D74232BEA10120099CD15 /* RxKakaoSDKShare */ = {
			isa = XCSwiftPackageProductDependency;
			package = 6C7D741A2BEA10120099CD15 /* XCRemoteSwiftPackageReference "kakao-ios-sdk-rx" */;
			productName = RxKakaoSDKShare;
		};
		6C7D74252BEA10120099CD15 /* RxKakaoSDKTalk */ = {
			isa = XCSwiftPackageProductDependency;
			package = 6C7D741A2BEA10120099CD15 /* XCRemoteSwiftPackageReference "kakao-ios-sdk-rx" */;
			productName = RxKakaoSDKTalk;
		};
		6C7D74272BEA10120099CD15 /* RxKakaoSDKUser */ = {
			isa = XCSwiftPackageProductDependency;
			package = 6C7D741A2BEA10120099CD15 /* XCRemoteSwiftPackageReference "kakao-ios-sdk-rx" */;
			productName = RxKakaoSDKUser;
		};
/* End XCSwiftPackageProductDependency section */
	};
	rootObject = 39E6F0D72BD68BAB00C8D4C9 /* Project object */;
}
